
Microsoft Visual Studio Solution File, Format Version 12.00
# Visual Studio Version 17
VisualStudioVersion = 17.2.32616.157
MinimumVisualStudioVersion = 10.0.40219.1
Project("{FAE04EC0-301F-11D3-BF4B-00C04F79EFBC}") = "primerExamenProgramacionIII", "primerExamenProgramacionIII\primerExamenProgramacionIII.csproj", "{CFE29546-26A5-493A-A8C4-612198FEBF12}"
EndProject
Global
	GlobalSection(SolutionConfigurationPlatforms) = preSolution
		Debug|Any CPU = Debug|Any CPU
		Release|Any CPU = Release|Any CPU
	EndGlobalSection
	GlobalSection(ProjectConfigurationPlatforms) = postSolution
		{CFE29546-26A5-493A-A8C4-612198FEBF12}.Debug|Any CPU.ActiveCfg = Debug|Any CPU
		{CFE29546-26A5-493A-A8C4-612198FEBF12}.Debug|Any CPU.Build.0 = Debug|Any CPU
		{CFE29546-26A5-493A-A8C4-612198FEBF12}.Release|Any CPU.ActiveCfg = Release|Any CPU
		{CFE29546-26A5-493A-A8C4-612198FEBF12}.Release|Any CPU.Build.0 = Release|Any CPU
	EndGlobalSection
	GlobalSection(SolutionProperties) = preSolution
		HideSolutionNode = FALSE
	EndGlobalSection
	GlobalSection(ExtensibilityGlobals) = postSolution
		SolutionGuid = {63DBB4A0-E95B-4E7E-B15B-934A8426746D}
	EndGlobalSection
EndGlobal
